
Microsoft Visual Studio Solution File, Format Version 12.00
# Visual Studio 15
VisualStudioVersion = 15.0.28307.489
MinimumVisualStudioVersion = 10.0.40219.1
Project("{FAE04EC0-301F-11D3-BF4B-00C04F79EFBC}") = "Step124", "Step124\Step124.csproj", "{06218E4B-A0A6-483A-9842-FF36F5CAF3C9}"
EndProject
Global
	GlobalSection(SolutionConfigurationPlatforms) = preSolution
		Debug|Any CPU = Debug|Any CPU
		Release|Any CPU = Release|Any CPU
	EndGlobalSection
	GlobalSection(ProjectConfigurationPlatforms) = postSolution
		{06218E4B-A0A6-483A-9842-FF36F5CAF3C9}.Debug|Any CPU.ActiveCfg = Debug|Any CPU
		{06218E4B-A0A6-483A-9842-FF36F5CAF3C9}.Debug|Any CPU.Build.0 = Debug|Any CPU
		{06218E4B-A0A6-483A-9842-FF36F5CAF3C9}.Release|Any CPU.ActiveCfg = Release|Any CPU
		{06218E4B-A0A6-483A-9842-FF36F5CAF3C9}.Release|Any CPU.Build.0 = Release|Any CPU
	EndGlobalSection
	GlobalSection(SolutionProperties) = preSolution
		HideSolutionNode = FALSE
	EndGlobalSection
	GlobalSection(ExtensibilityGlobals) = postSolution
		SolutionGuid = {E98BBF8D-85C5-4E9E-B3E3-88E6CF391109}
	EndGlobalSection
EndGlobal
