
Microsoft Visual Studio Solution File, Format Version 12.00
# Visual Studio 15
VisualStudioVersion = 15.0.28307.489
MinimumVisualStudioVersion = 10.0.40219.1
Project("{FAE04EC0-301F-11D3-BF4B-00C04F79EFBC}") = "Step126", "Step126\Step126.csproj", "{648CAFD8-DA81-49E4-9112-DEFACC59AE05}"
EndProject
Global
	GlobalSection(SolutionConfigurationPlatforms) = preSolution
		Debug|Any CPU = Debug|Any CPU
		Release|Any CPU = Release|Any CPU
	EndGlobalSection
	GlobalSection(ProjectConfigurationPlatforms) = postSolution
		{648CAFD8-DA81-49E4-9112-DEFACC59AE05}.Debug|Any CPU.ActiveCfg = Debug|Any CPU
		{648CAFD8-DA81-49E4-9112-DEFACC59AE05}.Debug|Any CPU.Build.0 = Debug|Any CPU
		{648CAFD8-DA81-49E4-9112-DEFACC59AE05}.Release|Any CPU.ActiveCfg = Release|Any CPU
		{648CAFD8-DA81-49E4-9112-DEFACC59AE05}.Release|Any CPU.Build.0 = Release|Any CPU
	EndGlobalSection
	GlobalSection(SolutionProperties) = preSolution
		HideSolutionNode = FALSE
	EndGlobalSection
	GlobalSection(ExtensibilityGlobals) = postSolution
		SolutionGuid = {C5D9EC01-8AA9-40AD-A2D9-5DAB05D5E77B}
	EndGlobalSection
EndGlobal
