
Microsoft Visual Studio Solution File, Format Version 12.00
# Visual Studio 15
VisualStudioVersion = 15.0.28307.489
MinimumVisualStudioVersion = 10.0.40219.1
Project("{FAE04EC0-301F-11D3-BF4B-00C04F79EFBC}") = "Step117", "Step117\Step117.csproj", "{FA6896DC-D573-4BC8-BA94-B626E9C45B55}"
EndProject
Global
	GlobalSection(SolutionConfigurationPlatforms) = preSolution
		Debug|Any CPU = Debug|Any CPU
		Release|Any CPU = Release|Any CPU
	EndGlobalSection
	GlobalSection(ProjectConfigurationPlatforms) = postSolution
		{FA6896DC-D573-4BC8-BA94-B626E9C45B55}.Debug|Any CPU.ActiveCfg = Debug|Any CPU
		{FA6896DC-D573-4BC8-BA94-B626E9C45B55}.Debug|Any CPU.Build.0 = Debug|Any CPU
		{FA6896DC-D573-4BC8-BA94-B626E9C45B55}.Release|Any CPU.ActiveCfg = Release|Any CPU
		{FA6896DC-D573-4BC8-BA94-B626E9C45B55}.Release|Any CPU.Build.0 = Release|Any CPU
	EndGlobalSection
	GlobalSection(SolutionProperties) = preSolution
		HideSolutionNode = FALSE
	EndGlobalSection
	GlobalSection(ExtensibilityGlobals) = postSolution
		SolutionGuid = {59BAAB05-5792-41F8-9901-A8821E6E3A66}
	EndGlobalSection
EndGlobal
