
Microsoft Visual Studio Solution File, Format Version 12.00
# Visual Studio 15
VisualStudioVersion = 15.0.28307.489
MinimumVisualStudioVersion = 10.0.40219.1
Project("{FAE04EC0-301F-11D3-BF4B-00C04F79EFBC}") = "Step156", "Step156\Step156.csproj", "{01718467-FD7E-4CCD-9737-ECA9AA094BE9}"
EndProject
Global
	GlobalSection(SolutionConfigurationPlatforms) = preSolution
		Debug|Any CPU = Debug|Any CPU
		Release|Any CPU = Release|Any CPU
	EndGlobalSection
	GlobalSection(ProjectConfigurationPlatforms) = postSolution
		{01718467-FD7E-4CCD-9737-ECA9AA094BE9}.Debug|Any CPU.ActiveCfg = Debug|Any CPU
		{01718467-FD7E-4CCD-9737-ECA9AA094BE9}.Debug|Any CPU.Build.0 = Debug|Any CPU
		{01718467-FD7E-4CCD-9737-ECA9AA094BE9}.Release|Any CPU.ActiveCfg = Release|Any CPU
		{01718467-FD7E-4CCD-9737-ECA9AA094BE9}.Release|Any CPU.Build.0 = Release|Any CPU
	EndGlobalSection
	GlobalSection(SolutionProperties) = preSolution
		HideSolutionNode = FALSE
	EndGlobalSection
	GlobalSection(ExtensibilityGlobals) = postSolution
		SolutionGuid = {960929EF-84CF-4B79-8925-667B4B20DFEE}
	EndGlobalSection
EndGlobal
