
Microsoft Visual Studio Solution File, Format Version 12.00
# Visual Studio 15
VisualStudioVersion = 15.0.28307.489
MinimumVisualStudioVersion = 10.0.40219.1
Project("{FAE04EC0-301F-11D3-BF4B-00C04F79EFBC}") = "Step120", "Step120\Step120.csproj", "{30A5EAB4-B917-4616-AC3C-4A916E2BBC19}"
EndProject
Global
	GlobalSection(SolutionConfigurationPlatforms) = preSolution
		Debug|Any CPU = Debug|Any CPU
		Release|Any CPU = Release|Any CPU
	EndGlobalSection
	GlobalSection(ProjectConfigurationPlatforms) = postSolution
		{30A5EAB4-B917-4616-AC3C-4A916E2BBC19}.Debug|Any CPU.ActiveCfg = Debug|Any CPU
		{30A5EAB4-B917-4616-AC3C-4A916E2BBC19}.Debug|Any CPU.Build.0 = Debug|Any CPU
		{30A5EAB4-B917-4616-AC3C-4A916E2BBC19}.Release|Any CPU.ActiveCfg = Release|Any CPU
		{30A5EAB4-B917-4616-AC3C-4A916E2BBC19}.Release|Any CPU.Build.0 = Release|Any CPU
	EndGlobalSection
	GlobalSection(SolutionProperties) = preSolution
		HideSolutionNode = FALSE
	EndGlobalSection
	GlobalSection(ExtensibilityGlobals) = postSolution
		SolutionGuid = {B92BFF42-03BC-463B-949E-3D1D3ABD6208}
	EndGlobalSection
EndGlobal
